
Microsoft Visual Studio Solution File, Format Version 12.00
# Visual Studio Version 16
VisualStudioVersion = 16.0.33927.289
MinimumVisualStudioVersion = 10.0.40219.1
Project("{2150E333-8FDC-42A3-9474-1A3956D46DE8}") = "Task0", "Task0", "{7FA4AD72-948B-41B0-80E3-0363245C51C1}"
EndProject
Project("{2150E333-8FDC-42A3-9474-1A3956D46DE8}") = "Task1", "Task1", "{668818BA-3846-4A97-B482-C8B05164F147}"
EndProject
Project("{FAE04EC0-301F-11D3-BF4B-00C04F79EFBC}") = "Tyuiu.MarinenkovaKD.Sprint0.Task1.V0", "Tyuiu.MarinenkovaKD.Sprint0.Task1.V0\Tyuiu.MarinenkovaKD.Sprint0.Task1.V0.csproj", "{6DBF76C2-C3A3-4DCE-B85B-C2EF09D8B87F}"
EndProject
Project("{FAE04EC0-301F-11D3-BF4B-00C04F79EFBC}") = "Tyuiu.MarinenkovaKD.Sprint0.Task0.V0", "Tyuiu.MarinenkovaKD.Sprint0.Task0.V0\Tyuiu.MarinenkovaKD.Sprint0.Task0.V0.csproj", "{7685CE6D-0813-478F-AE4D-040A1F7A8BB9}"
EndProject
Project("{2150E333-8FDC-42A3-9474-1A3956D46DE8}") = "Task2", "Task2", "{39E8AC48-5C61-4F11-8346-DEBCA16A20F9}"
EndProject
Project("{FAE04EC0-301F-11D3-BF4B-00C04F79EFBC}") = "Tyuiu.MarinenkovaKD.Sprint0.Task2.V0", "Tyuiu.MarinenkovaKD.Sprint0.Task2.V0\Tyuiu.MarinenkovaKD.Sprint0.Task2.V0.csproj", "{6947D46E-3B93-44C4-96EB-15C4E25C4F6A}"
EndProject
Project("{FAE04EC0-301F-11D3-BF4B-00C04F79EFBC}") = "Tyuiu.MarinenkovaKD.Sprint0.Task2.V0.Lib", "Tyuiu.MarinenkovaKD.Sprint0.Task2.V0.Lib\Tyuiu.MarinenkovaKD.Sprint0.Task2.V0.Lib.csproj", "{C5230008-47CB-40E1-B781-C4A557502DAF}"
EndProject
Project("{FAE04EC0-301F-11D3-BF4B-00C04F79EFBC}") = "Tyuiu.MarinenkovaKD.Sprint0.Task2.V0.Test", "Tyuiu.MarinenkovaKD.Sprint0.Task2.V0.Test\Tyuiu.MarinenkovaKD.Sprint0.Task2.V0.Test.csproj", "{215B387B-4A2F-4547-8947-1B4A83001F94}"
EndProject
Project("{2150E333-8FDC-42A3-9474-1A3956D46DE8}") = "Task3", "Task3", "{22F17975-C288-45F7-82B2-DF025DAD1D26}"
EndProject
Project("{FAE04EC0-301F-11D3-BF4B-00C04F79EFBC}") = "Tyuiu.MarinenkovaKD.Sprint0.Task3.V0", "Tyuiu.MarinenkovaKD.Sprint0.Task3.V0\Tyuiu.MarinenkovaKD.Sprint0.Task3.V0.csproj", "{94EA2D90-9AE4-489E-92B4-DBB858E77868}"
EndProject
Project("{FAE04EC0-301F-11D3-BF4B-00C04F79EFBC}") = "Tyuiu.MarinenkovaKD.Sprint0.Task3.V0.Lib", "Tyuiu.MarinenkovaKD.Sprint0.Task3.V0.Lib\Tyuiu.MarinenkovaKD.Sprint0.Task3.V0.Lib.csproj", "{D898BC50-8FBE-4036-8295-62C56625D9D7}"
EndProject
Project("{FAE04EC0-301F-11D3-BF4B-00C04F79EFBC}") = "Tyuiu.MarinenkovaKD.Sprint0.Task3.V0.Test", "Tyuiu.MarinenkovaKD.Sprint0.Task3.V0.Test\Tyuiu.MarinenkovaKD.Sprint0.Task3.V0.Test.csproj", "{EA9CE466-EACF-44C1-AAE8-4FF8CA1ECB2A}"
EndProject
Project("{2150E333-8FDC-42A3-9474-1A3956D46DE8}") = "Task4", "Task4", "{FD1A3E6C-B810-4A66-AE82-20ABF92C1D44}"
EndProject
Project("{FAE04EC0-301F-11D3-BF4B-00C04F79EFBC}") = "Tyuiu.MarinenkovaKD.Sprint0.Task4.V0", "Tyuiu.MarinenkovaKD.Sprint0.Task4.V0\Tyuiu.MarinenkovaKD.Sprint0.Task4.V0.csproj", "{323D5BF7-8F8B-4A57-BC88-105ADB437873}"
EndProject
Project("{FAE04EC0-301F-11D3-BF4B-00C04F79EFBC}") = "Tyuiu.MarinenkovaKD.Sprint0.Task4.V0.Lib", "Tyuiu.MarinenkovaKD.Sprint0.Task4.V0.Lib\Tyuiu.MarinenkovaKD.Sprint0.Task4.V0.Lib.csproj", "{0DFFE208-D17A-4283-B2B8-758EA332A80A}"
EndProject
Project("{FAE04EC0-301F-11D3-BF4B-00C04F79EFBC}") = "Tyuiu.MarinenkovaKD.Sprint0.Task4.V0.Test", "Tyuiu.MarinenkovaKD.Sprint0.Task4.V0.Test\Tyuiu.MarinenkovaKD.Sprint0.Task4.V0.Test.csproj", "{64421E5F-6EA9-49D7-A317-144C4D62D634}"
EndProject
Project("{2150E333-8FDC-42A3-9474-1A3956D46DE8}") = "Task5", "Task5", "{D84F5E42-AB3A-4146-ABF1-6EBAA95F4B09}"
EndProject
Global
	GlobalSection(SolutionConfigurationPlatforms) = preSolution
		Debug|Any CPU = Debug|Any CPU
		Release|Any CPU = Release|Any CPU
	EndGlobalSection
	GlobalSection(ProjectConfigurationPlatforms) = postSolution
		{6DBF76C2-C3A3-4DCE-B85B-C2EF09D8B87F}.Debug|Any CPU.ActiveCfg = Debug|Any CPU
		{6DBF76C2-C3A3-4DCE-B85B-C2EF09D8B87F}.Debug|Any CPU.Build.0 = Debug|Any CPU
		{6DBF76C2-C3A3-4DCE-B85B-C2EF09D8B87F}.Release|Any CPU.ActiveCfg = Release|Any CPU
		{6DBF76C2-C3A3-4DCE-B85B-C2EF09D8B87F}.Release|Any CPU.Build.0 = Release|Any CPU
		{7685CE6D-0813-478F-AE4D-040A1F7A8BB9}.Debug|Any CPU.ActiveCfg = Debug|Any CPU
		{7685CE6D-0813-478F-AE4D-040A1F7A8BB9}.Debug|Any CPU.Build.0 = Debug|Any CPU
		{7685CE6D-0813-478F-AE4D-040A1F7A8BB9}.Release|Any CPU.ActiveCfg = Release|Any CPU
		{7685CE6D-0813-478F-AE4D-040A1F7A8BB9}.Release|Any CPU.Build.0 = Release|Any CPU
		{6947D46E-3B93-44C4-96EB-15C4E25C4F6A}.Debug|Any CPU.ActiveCfg = Debug|Any CPU
		{6947D46E-3B93-44C4-96EB-15C4E25C4F6A}.Debug|Any CPU.Build.0 = Debug|Any CPU
		{6947D46E-3B93-44C4-96EB-15C4E25C4F6A}.Release|Any CPU.ActiveCfg = Release|Any CPU
		{6947D46E-3B93-44C4-96EB-15C4E25C4F6A}.Release|Any CPU.Build.0 = Release|Any CPU
		{C5230008-47CB-40E1-B781-C4A557502DAF}.Debug|Any CPU.ActiveCfg = Debug|Any CPU
		{C5230008-47CB-40E1-B781-C4A557502DAF}.Debug|Any CPU.Build.0 = Debug|Any CPU
		{C5230008-47CB-40E1-B781-C4A557502DAF}.Release|Any CPU.ActiveCfg = Release|Any CPU
		{C5230008-47CB-40E1-B781-C4A557502DAF}.Release|Any CPU.Build.0 = Release|Any CPU
		{215B387B-4A2F-4547-8947-1B4A83001F94}.Debug|Any CPU.ActiveCfg = Debug|Any CPU
		{215B387B-4A2F-4547-8947-1B4A83001F94}.Debug|Any CPU.Build.0 = Debug|Any CPU
		{215B387B-4A2F-4547-8947-1B4A83001F94}.Release|Any CPU.ActiveCfg = Release|Any CPU
		{215B387B-4A2F-4547-8947-1B4A83001F94}.Release|Any CPU.Build.0 = Release|Any CPU
		{94EA2D90-9AE4-489E-92B4-DBB858E77868}.Debug|Any CPU.ActiveCfg = Debug|Any CPU
		{94EA2D90-9AE4-489E-92B4-DBB858E77868}.Debug|Any CPU.Build.0 = Debug|Any CPU
		{94EA2D90-9AE4-489E-92B4-DBB858E77868}.Release|Any CPU.ActiveCfg = Release|Any CPU
		{94EA2D90-9AE4-489E-92B4-DBB858E77868}.Release|Any CPU.Build.0 = Release|Any CPU
		{D898BC50-8FBE-4036-8295-62C56625D9D7}.Debug|Any CPU.ActiveCfg = Debug|Any CPU
		{D898BC50-8FBE-4036-8295-62C56625D9D7}.Debug|Any CPU.Build.0 = Debug|Any CPU
		{D898BC50-8FBE-4036-8295-62C56625D9D7}.Release|Any CPU.ActiveCfg = Release|Any CPU
		{D898BC50-8FBE-4036-8295-62C56625D9D7}.Release|Any CPU.Build.0 = Release|Any CPU
		{EA9CE466-EACF-44C1-AAE8-4FF8CA1ECB2A}.Debug|Any CPU.ActiveCfg = Debug|Any CPU
		{EA9CE466-EACF-44C1-AAE8-4FF8CA1ECB2A}.Debug|Any CPU.Build.0 = Debug|Any CPU
		{EA9CE466-EACF-44C1-AAE8-4FF8CA1ECB2A}.Release|Any CPU.ActiveCfg = Release|Any CPU
		{EA9CE466-EACF-44C1-AAE8-4FF8CA1ECB2A}.Release|Any CPU.Build.0 = Release|Any CPU
		{323D5BF7-8F8B-4A57-BC88-105ADB437873}.Debug|Any CPU.ActiveCfg = Debug|Any CPU
		{323D5BF7-8F8B-4A57-BC88-105ADB437873}.Debug|Any CPU.Build.0 = Debug|Any CPU
		{323D5BF7-8F8B-4A57-BC88-105ADB437873}.Release|Any CPU.ActiveCfg = Release|Any CPU
		{323D5BF7-8F8B-4A57-BC88-105ADB437873}.Release|Any CPU.Build.0 = Release|Any CPU
		{0DFFE208-D17A-4283-B2B8-758EA332A80A}.Debug|Any CPU.ActiveCfg = Debug|Any CPU
		{0DFFE208-D17A-4283-B2B8-758EA332A80A}.Debug|Any CPU.Build.0 = Debug|Any CPU
		{0DFFE208-D17A-4283-B2B8-758EA332A80A}.Release|Any CPU.ActiveCfg = Release|Any CPU
		{0DFFE208-D17A-4283-B2B8-758EA332A80A}.Release|Any CPU.Build.0 = Release|Any CPU
		{64421E5F-6EA9-49D7-A317-144C4D62D634}.Debug|Any CPU.ActiveCfg = Debug|Any CPU
		{64421E5F-6EA9-49D7-A317-144C4D62D634}.Debug|Any CPU.Build.0 = Debug|Any CPU
		{64421E5F-6EA9-49D7-A317-144C4D62D634}.Release|Any CPU.ActiveCfg = Release|Any CPU
		{64421E5F-6EA9-49D7-A317-144C4D62D634}.Release|Any CPU.Build.0 = Release|Any CPU
	EndGlobalSection
	GlobalSection(SolutionProperties) = preSolution
		HideSolutionNode = FALSE
	EndGlobalSection
	GlobalSection(NestedProjects) = preSolution
		{6DBF76C2-C3A3-4DCE-B85B-C2EF09D8B87F} = {668818BA-3846-4A97-B482-C8B05164F147}
		{7685CE6D-0813-478F-AE4D-040A1F7A8BB9} = {7FA4AD72-948B-41B0-80E3-0363245C51C1}
		{6947D46E-3B93-44C4-96EB-15C4E25C4F6A} = {39E8AC48-5C61-4F11-8346-DEBCA16A20F9}
		{C5230008-47CB-40E1-B781-C4A557502DAF} = {39E8AC48-5C61-4F11-8346-DEBCA16A20F9}
		{215B387B-4A2F-4547-8947-1B4A83001F94} = {39E8AC48-5C61-4F11-8346-DEBCA16A20F9}
		{94EA2D90-9AE4-489E-92B4-DBB858E77868} = {22F17975-C288-45F7-82B2-DF025DAD1D26}
		{D898BC50-8FBE-4036-8295-62C56625D9D7} = {22F17975-C288-45F7-82B2-DF025DAD1D26}
		{EA9CE466-EACF-44C1-AAE8-4FF8CA1ECB2A} = {22F17975-C288-45F7-82B2-DF025DAD1D26}
		{323D5BF7-8F8B-4A57-BC88-105ADB437873} = {FD1A3E6C-B810-4A66-AE82-20ABF92C1D44}
		{0DFFE208-D17A-4283-B2B8-758EA332A80A} = {FD1A3E6C-B810-4A66-AE82-20ABF92C1D44}
		{64421E5F-6EA9-49D7-A317-144C4D62D634} = {FD1A3E6C-B810-4A66-AE82-20ABF92C1D44}
	EndGlobalSection
	GlobalSection(ExtensibilityGlobals) = postSolution
		SolutionGuid = {B12F2684-8915-4152-9787-4E1B3DE45815}
	EndGlobalSection
EndGlobal
